
Microsoft Visual Studio Solution File, Format Version 12.00
# Visual Studio Version 16
VisualStudioVersion = 16.0.30204.135
MinimumVisualStudioVersion = 10.0.40219.1
Project("{FAE04EC0-301F-11D3-BF4B-00C04F79EFBC}") = "EStore.API", "EStore.API\EStore.API.csproj", "{0C609BC8-2497-4762-B5AD-95BA79D37BC8}"
EndProject
Project("{FAE04EC0-301F-11D3-BF4B-00C04F79EFBC}") = "EStore.API.DAL", "EStore.API.DAL\EStore.API.DAL.csproj", "{D4954EC0-226D-420C-BD60-3DBFC4FAAD2E}"
EndProject
Project("{FAE04EC0-301F-11D3-BF4B-00C04F79EFBC}") = "EStore.API.Service", "EStore.API.Service\EStore.API.Service.csproj", "{092C32B5-2EE6-4F78-BE64-8542F6C9AEBE}"
EndProject
Global
	GlobalSection(SolutionConfigurationPlatforms) = preSolution
		Debug|Any CPU = Debug|Any CPU
		Release|Any CPU = Release|Any CPU
	EndGlobalSection
	GlobalSection(ProjectConfigurationPlatforms) = postSolution
		{0C609BC8-2497-4762-B5AD-95BA79D37BC8}.Debug|Any CPU.ActiveCfg = Debug|Any CPU
		{0C609BC8-2497-4762-B5AD-95BA79D37BC8}.Debug|Any CPU.Build.0 = Debug|Any CPU
		{0C609BC8-2497-4762-B5AD-95BA79D37BC8}.Release|Any CPU.ActiveCfg = Release|Any CPU
		{0C609BC8-2497-4762-B5AD-95BA79D37BC8}.Release|Any CPU.Build.0 = Release|Any CPU
		{D4954EC0-226D-420C-BD60-3DBFC4FAAD2E}.Debug|Any CPU.ActiveCfg = Debug|Any CPU
		{D4954EC0-226D-420C-BD60-3DBFC4FAAD2E}.Debug|Any CPU.Build.0 = Debug|Any CPU
		{D4954EC0-226D-420C-BD60-3DBFC4FAAD2E}.Release|Any CPU.ActiveCfg = Release|Any CPU
		{D4954EC0-226D-420C-BD60-3DBFC4FAAD2E}.Release|Any CPU.Build.0 = Release|Any CPU
		{092C32B5-2EE6-4F78-BE64-8542F6C9AEBE}.Debug|Any CPU.ActiveCfg = Debug|Any CPU
		{092C32B5-2EE6-4F78-BE64-8542F6C9AEBE}.Debug|Any CPU.Build.0 = Debug|Any CPU
		{092C32B5-2EE6-4F78-BE64-8542F6C9AEBE}.Release|Any CPU.ActiveCfg = Release|Any CPU
		{092C32B5-2EE6-4F78-BE64-8542F6C9AEBE}.Release|Any CPU.Build.0 = Release|Any CPU
	EndGlobalSection
	GlobalSection(SolutionProperties) = preSolution
		HideSolutionNode = FALSE
	EndGlobalSection
	GlobalSection(ExtensibilityGlobals) = postSolution
		SolutionGuid = {4B9655DD-0A9F-4EA2-920A-943DEC09A1A3}
	EndGlobalSection
EndGlobal
